
Microsoft Visual Studio Solution File, Format Version 12.00
# Visual Studio Version 16
VisualStudioVersion = 16.0.29609.76
MinimumVisualStudioVersion = 10.0.40219.1
Project("{9A19103F-16F7-4668-BE54-9A1E7A4F7556}") = "ConcurrentDictionaryLockContention", "ConcurrentDictionaryLockContention.csproj", "{393B9E33-2CFB-41C6-9EA0-5AC2C12BD9F1}"
EndProject
Global
	GlobalSection(SolutionConfigurationPlatforms) = preSolution
		Debug|Any CPU = Debug|Any CPU
		Release|Any CPU = Release|Any CPU
	EndGlobalSection
	GlobalSection(ProjectConfigurationPlatforms) = postSolution
		{393B9E33-2CFB-41C6-9EA0-5AC2C12BD9F1}.Debug|Any CPU.ActiveCfg = Debug|Any CPU
		{393B9E33-2CFB-41C6-9EA0-5AC2C12BD9F1}.Debug|Any CPU.Build.0 = Debug|Any CPU
		{393B9E33-2CFB-41C6-9EA0-5AC2C12BD9F1}.Release|Any CPU.ActiveCfg = Release|Any CPU
		{393B9E33-2CFB-41C6-9EA0-5AC2C12BD9F1}.Release|Any CPU.Build.0 = Release|Any CPU
	EndGlobalSection
	GlobalSection(SolutionProperties) = preSolution
		HideSolutionNode = FALSE
	EndGlobalSection
	GlobalSection(ExtensibilityGlobals) = postSolution
		SolutionGuid = {1293C3CD-FF23-4F58-B36E-1F07F9072952}
	EndGlobalSection
EndGlobal
